
Microsoft Visual Studio Solution File, Format Version 12.00
# Visual Studio 15
VisualStudioVersion = 15.0.27130.2036
MinimumVisualStudioVersion = 10.0.40219.1
Project("{9A19103F-16F7-4668-BE54-9A1E7A4F7556}") = "BitHub", "src\BitHub.csproj", "{636D5722-9C0F-4E7A-8B59-35528F97BD83}"
EndProject
Global
	GlobalSection(SolutionConfigurationPlatforms) = preSolution
		Debug|Any CPU = Debug|Any CPU
		Release|Any CPU = Release|Any CPU
	EndGlobalSection
	GlobalSection(ProjectConfigurationPlatforms) = postSolution
		{636D5722-9C0F-4E7A-8B59-35528F97BD83}.Debug|Any CPU.ActiveCfg = Debug|Any CPU
		{636D5722-9C0F-4E7A-8B59-35528F97BD83}.Debug|Any CPU.Build.0 = Debug|Any CPU
		{636D5722-9C0F-4E7A-8B59-35528F97BD83}.Release|Any CPU.ActiveCfg = Release|Any CPU
		{636D5722-9C0F-4E7A-8B59-35528F97BD83}.Release|Any CPU.Build.0 = Release|Any CPU
	EndGlobalSection
	GlobalSection(SolutionProperties) = preSolution
		HideSolutionNode = FALSE
	EndGlobalSection
	GlobalSection(ExtensibilityGlobals) = postSolution
		SolutionGuid = {7CECCBAA-E45C-4EAD-873F-833CEAFE3B44}
	EndGlobalSection
EndGlobal
