{
  "name": "npm_modules",
  "version": "1.0.0",
  "lockfileVersion": 1,
  "requires": true,
  "dependencies": {
    "abbrev": {
      "version": "1.1.1",
      "resolved": "https://registry.npmjs.org/abbrev/-/abbrev-1.1.1.tgz",
      "integrity": "sha1-+PLIh60Qv2f2NPAFtph/7TF5qsg="
    },
    "ace-builds": {
      "version": "1.3.3",
      "resolved": "https://registry.npmjs.org/ace-builds/-/ace-builds-1.3.3.tgz",
      "integrity": "sha512-PbSdoHw42kt5vaXkEVSfUYCd3K1BCfAvyXW9TvR/2ATkk65oImjS1v0evHmzHhOYPSTUO8BprvmpfYT9Vp2akA=="
    },
    "diff": {
      "version": "3.5.0",
      "resolved": "https://registry.npmjs.org/diff/-/diff-3.5.0.tgz",
      "integrity": "sha1-gAwN0eCov7yVg1wgKtIg/jF+WhI="
    },
    "diff2html": {
      "version": "2.3.3",
      "resolved": "https://registry.npmjs.org/diff2html/-/diff2html-2.3.3.tgz",
      "integrity": "sha1-MbuBWIHJdWNMfzkHpeeJNB4VYLw=",
      "requires": {
        "diff": "3.5.0",
        "hogan.js": "3.0.2",
        "lodash": "4.17.5",
        "whatwg-fetch": "2.0.4"
      }
    },
    "hogan.js": {
      "version": "3.0.2",
      "resolved": "https://registry.npmjs.org/hogan.js/-/hogan.js-3.0.2.tgz",
      "integrity": "sha1-TNnhq9QpQUbnZ55B14mHMrAse/0=",
      "requires": {
        "mkdirp": "0.3.0",
        "nopt": "1.0.10"
      }
    },
    "lodash": {
      "version": "4.17.5",
      "resolved": "https://registry.npmjs.org/lodash/-/lodash-4.17.5.tgz",
      "integrity": "sha1-maktZcAnLevoyWtgV7yPv6O+1RE="
    },
    "marked": {
      "version": "0.3.19",
      "resolved": "https://registry.npmjs.org/marked/-/marked-0.3.19.tgz",
      "integrity": "sha512-ea2eGWOqNxPcXv8dyERdSr/6FmzvWwzjMxpfGB/sbMccXoct+xY+YukPD+QTUZwyvK7BZwcr4m21WBOW41pAkg=="
    },
    "mkdirp": {
      "version": "0.3.0",
      "resolved": "https://registry.npmjs.org/mkdirp/-/mkdirp-0.3.0.tgz",
      "integrity": "sha1-G79asbqCevI1dRQ0kEJkVfSB/h4="
    },
    "nopt": {
      "version": "1.0.10",
      "resolved": "https://registry.npmjs.org/nopt/-/nopt-1.0.10.tgz",
      "integrity": "sha1-bd0hvSoxQXuScn3Vhfim83YI6+4=",
      "requires": {
        "abbrev": "1.1.1"
      }
    },
    "turbolinks": {
      "version": "5.1.1",
      "resolved": "https://registry.npmjs.org/turbolinks/-/turbolinks-5.1.1.tgz",
      "integrity": "sha512-Yhp3HH4Am4K8Qpm0XqEnbreZrCoYOWN6yx+r0fAY36JhAtiFJ3FPdwSt4Usph4duI1HMnB3z8F/LWy55Uf42Jg=="
    },
    "whatwg-fetch": {
      "version": "2.0.4",
      "resolved": "https://registry.npmjs.org/whatwg-fetch/-/whatwg-fetch-2.0.4.tgz",
      "integrity": "sha1-3eal3zFfnTmZGqF2IYU9cguFVm8="
    }
  }
}
